// !$*UTF8*$!
{
	archiveVersion = 1;
	classes = {
	};
	objectVersion = 56;
	objects = {

/* Begin PBXBuildFile section */
		D400CF902B7141F2000A619E /* GoogleMaps in Frameworks */ = {isa = PBXBuildFile; productRef = D400CF8F2B7141F2000A619E /* GoogleMaps */; };
		D400CF922B7141F2000A619E /* GoogleMapsBase in Frameworks */ = {isa = PBXBuildFile; productRef = D400CF912B7141F2000A619E /* GoogleMapsBase */; };
		D400CF942B7141F2000A619E /* GoogleMapsCore in Frameworks */ = {isa = PBXBuildFile; productRef = D400CF932B7141F2000A619E /* GoogleMapsCore */; };
		D400CF962B7141F2000A619E /* GoogleMapsM4B in Frameworks */ = {isa = PBXBuildFile; productRef = D400CF952B7141F2000A619E /* GoogleMapsM4B */; };
		D400CF982B714480000A619E /* MapViewController.swift in Sources */ = {isa = PBXBuildFile; fileRef = D400CF972B714480000A619E /* MapViewController.swift */; };
		D400CF9A2B714DAD000A619E /* style.json in Resources */ = {isa = PBXBuildFile; fileRef = D400CF992B714DAD000A619E /* style.json */; };
		D411B0082B84DAB6000985B8 /* TitleCell.xib in Resources */ = {isa = PBXBuildFile; fileRef = D411B0072B84DAB6000985B8 /* TitleCell.xib */; };
		D41CDD0C2B86444800D0A9D4 /* HomeViewController.swift in Sources */ = {isa = PBXBuildFile; fileRef = D41CDD0B2B86444800D0A9D4 /* HomeViewController.swift */; };
		D420640F2B754B2E00802FD9 /* CustomInfoWindow.xib in Resources */ = {isa = PBXBuildFile; fileRef = D420640E2B754B2E00802FD9 /* CustomInfoWindow.xib */; };
		D42064112B754BD000802FD9 /* CustomInfoWindow.swift in Sources */ = {isa = PBXBuildFile; fileRef = D42064102B754BD000802FD9 /* CustomInfoWindow.swift */; };
		D43226712B7FAE83007C8644 /* LocationBrain.swift in Sources */ = {isa = PBXBuildFile; fileRef = D43226702B7FAE83007C8644 /* LocationBrain.swift */; };
		D44A9D142BC6D2E800EFBC11 /* ClosingTimesCell.xib in Resources */ = {isa = PBXBuildFile; fileRef = D44A9D132BC6D2E800EFBC11 /* ClosingTimesCell.xib */; };
		D44A9D162BC6D3EB00EFBC11 /* ClosingTimeCell.swift in Sources */ = {isa = PBXBuildFile; fileRef = D44A9D152BC6D3EB00EFBC11 /* ClosingTimeCell.swift */; };
		D453ABA42B692CAA00D2EB4F /* ListViewController.swift in Sources */ = {isa = PBXBuildFile; fileRef = D453ABA32B692CAA00D2EB4F /* ListViewController.swift */; };
		D453ABA62B69328400D2EB4F /* PubListModel.swift in Sources */ = {isa = PBXBuildFile; fileRef = D453ABA52B69328400D2EB4F /* PubListModel.swift */; };
		D453ABAC2B69465B00D2EB4F /* PubViewController.swift in Sources */ = {isa = PBXBuildFile; fileRef = D453ABAB2B69465B00D2EB4F /* PubViewController.swift */; };
		D453ABAE2B694D5000D2EB4F /* PubBrain.swift in Sources */ = {isa = PBXBuildFile; fileRef = D453ABAD2B694D5000D2EB4F /* PubBrain.swift */; };
		D453ABB02B696B1400D2EB4F /* FilterViewController.swift in Sources */ = {isa = PBXBuildFile; fileRef = D453ABAF2B696B1400D2EB4F /* FilterViewController.swift */; };
		D453ABB22B696F3E00D2EB4F /* FilterBrain.swift in Sources */ = {isa = PBXBuildFile; fileRef = D453ABB12B696F3E00D2EB4F /* FilterBrain.swift */; };
		D47DF98C2D02FF4E00329368 /* FirebaseStorage in Frameworks */ = {isa = PBXBuildFile; productRef = D47DF98B2D02FF4E00329368 /* FirebaseStorage */; };
		D47DF98E2D02FF7600329368 /* FirebaseAuthCombine-Community in Frameworks */ = {isa = PBXBuildFile; productRef = D47DF98D2D02FF7600329368 /* FirebaseAuthCombine-Community */; };
		D48CD8302B90EF9100275002 /* FavouritesViewController.swift in Sources */ = {isa = PBXBuildFile; fileRef = D48CD82F2B90EF9100275002 /* FavouritesViewController.swift */; };
		D49901072B84C66B00149233 /* ImagePubCell.swift in Sources */ = {isa = PBXBuildFile; fileRef = D49901052B84C66B00149233 /* ImagePubCell.swift */; };
		D49901082B84C66B00149233 /* ImagePubCell.xib in Resources */ = {isa = PBXBuildFile; fileRef = D49901062B84C66B00149233 /* ImagePubCell.xib */; };
		D4ACB5F92BC82536007E34BC /* CalendarCell.swift in Sources */ = {isa = PBXBuildFile; fileRef = D4ACB5F72BC82536007E34BC /* CalendarCell.swift */; };
		D4ACB5FA2BC82536007E34BC /* CalendarCell.xib in Resources */ = {isa = PBXBuildFile; fileRef = D4ACB5F82BC82536007E34BC /* CalendarCell.xib */; };
		D4BF40C02BC1434A00D2474A /* GoogleService-Info.plist in Resources */ = {isa = PBXBuildFile; fileRef = D4BF40BF2BC1434A00D2474A /* GoogleService-Info.plist */; };
		D4BF40C32BC145E200D2474A /* FirebaseAnalyticsWithoutAdIdSupport in Frameworks */ = {isa = PBXBuildFile; productRef = D4BF40C22BC145E200D2474A /* FirebaseAnalyticsWithoutAdIdSupport */; };
		D4BF40C52BC145E200D2474A /* FirebaseAuth in Frameworks */ = {isa = PBXBuildFile; productRef = D4BF40C42BC145E200D2474A /* FirebaseAuth */; };
		D4BF40C72BC145E200D2474A /* FirebaseDatabase in Frameworks */ = {isa = PBXBuildFile; productRef = D4BF40C62BC145E200D2474A /* FirebaseDatabase */; };
		D4BF40C92BC145E200D2474A /* FirebaseDatabaseSwift in Frameworks */ = {isa = PBXBuildFile; productRef = D4BF40C82BC145E200D2474A /* FirebaseDatabaseSwift */; };
		D4DD71522B692713005B8509 /* AppDelegate.swift in Sources */ = {isa = PBXBuildFile; fileRef = D4DD71512B692713005B8509 /* AppDelegate.swift */; };
		D4DD71542B692713005B8509 /* SceneDelegate.swift in Sources */ = {isa = PBXBuildFile; fileRef = D4DD71532B692713005B8509 /* SceneDelegate.swift */; };
		D4DD71562B692713005B8509 /* WelcomeViewController.swift in Sources */ = {isa = PBXBuildFile; fileRef = D4DD71552B692713005B8509 /* WelcomeViewController.swift */; };
		D4DD715B2B692719005B8509 /* Assets.xcassets in Resources */ = {isa = PBXBuildFile; fileRef = D4DD715A2B692719005B8509 /* Assets.xcassets */; };
		D4DD715E2B692719005B8509 /* LaunchScreen.storyboard in Resources */ = {isa = PBXBuildFile; fileRef = D4DD715C2B692719005B8509 /* LaunchScreen.storyboard */; };
		D4DD71682B69279E005B8509 /* Main.storyboard in Resources */ = {isa = PBXBuildFile; fileRef = D4DD71672B69279E005B8509 /* Main.storyboard */; };
		D4E4E8722B6BB9A2007CA12D /* TimeBrain.swift in Sources */ = {isa = PBXBuildFile; fileRef = D4E4E8712B6BB9A2007CA12D /* TimeBrain.swift */; };
/* End PBXBuildFile section */

/* Begin PBXFileReference section */
		D400CF972B714480000A619E /* MapViewController.swift */ = {isa = PBXFileReference; lastKnownFileType = sourcecode.swift; path = MapViewController.swift; sourceTree = "<group>"; };
		D400CF992B714DAD000A619E /* style.json */ = {isa = PBXFileReference; lastKnownFileType = text.json; path = style.json; sourceTree = "<group>"; };
		D411B0072B84DAB6000985B8 /* TitleCell.xib */ = {isa = PBXFileReference; lastKnownFileType = file.xib; path = TitleCell.xib; sourceTree = "<group>"; };
		D41CDD0B2B86444800D0A9D4 /* HomeViewController.swift */ = {isa = PBXFileReference; lastKnownFileType = sourcecode.swift; path = HomeViewController.swift; sourceTree = "<group>"; };
		D420640E2B754B2E00802FD9 /* CustomInfoWindow.xib */ = {isa = PBXFileReference; lastKnownFileType = file.xib; path = CustomInfoWindow.xib; sourceTree = "<group>"; };
		D42064102B754BD000802FD9 /* CustomInfoWindow.swift */ = {isa = PBXFileReference; lastKnownFileType = sourcecode.swift; path = CustomInfoWindow.swift; sourceTree = "<group>"; };
		D43226702B7FAE83007C8644 /* LocationBrain.swift */ = {isa = PBXFileReference; lastKnownFileType = sourcecode.swift; path = LocationBrain.swift; sourceTree = "<group>"; };
		D44A9D132BC6D2E800EFBC11 /* ClosingTimesCell.xib */ = {isa = PBXFileReference; lastKnownFileType = file.xib; path = ClosingTimesCell.xib; sourceTree = "<group>"; };
		D44A9D152BC6D3EB00EFBC11 /* ClosingTimeCell.swift */ = {isa = PBXFileReference; lastKnownFileType = sourcecode.swift; path = ClosingTimeCell.swift; sourceTree = "<group>"; };
		D453ABA32B692CAA00D2EB4F /* ListViewController.swift */ = {isa = PBXFileReference; lastKnownFileType = sourcecode.swift; path = ListViewController.swift; sourceTree = "<group>"; };
		D453ABA52B69328400D2EB4F /* PubListModel.swift */ = {isa = PBXFileReference; lastKnownFileType = sourcecode.swift; path = PubListModel.swift; sourceTree = "<group>"; };
		D453ABAB2B69465B00D2EB4F /* PubViewController.swift */ = {isa = PBXFileReference; lastKnownFileType = sourcecode.swift; path = PubViewController.swift; sourceTree = "<group>"; };
		D453ABAD2B694D5000D2EB4F /* PubBrain.swift */ = {isa = PBXFileReference; lastKnownFileType = sourcecode.swift; path = PubBrain.swift; sourceTree = "<group>"; };
		D453ABAF2B696B1400D2EB4F /* FilterViewController.swift */ = {isa = PBXFileReference; lastKnownFileType = sourcecode.swift; path = FilterViewController.swift; sourceTree = "<group>"; };
		D453ABB12B696F3E00D2EB4F /* FilterBrain.swift */ = {isa = PBXFileReference; lastKnownFileType = sourcecode.swift; path = FilterBrain.swift; sourceTree = "<group>"; };
		D46C184A2D03584900BCD058 /* rub a dub.entitlements */ = {isa = PBXFileReference; lastKnownFileType = text.plist.entitlements; path = "rub a dub.entitlements"; sourceTree = "<group>"; };
		D46C184B2D0358CE00BCD058 /* testing_firebase.playground */ = {isa = PBXFileReference; lastKnownFileType = file.playground; path = testing_firebase.playground; sourceTree = "<group>"; xcLanguageSpecificationIdentifier = xcode.lang.swift; };
		D48CD82F2B90EF9100275002 /* FavouritesViewController.swift */ = {isa = PBXFileReference; lastKnownFileType = sourcecode.swift; path = FavouritesViewController.swift; sourceTree = "<group>"; };
		D49901052B84C66B00149233 /* ImagePubCell.swift */ = {isa = PBXFileReference; lastKnownFileType = sourcecode.swift; path = ImagePubCell.swift; sourceTree = "<group>"; };
		D49901062B84C66B00149233 /* ImagePubCell.xib */ = {isa = PBXFileReference; lastKnownFileType = file.xib; path = ImagePubCell.xib; sourceTree = "<group>"; };
		D4ACB5F72BC82536007E34BC /* CalendarCell.swift */ = {isa = PBXFileReference; lastKnownFileType = sourcecode.swift; path = CalendarCell.swift; sourceTree = "<group>"; };
		D4ACB5F82BC82536007E34BC /* CalendarCell.xib */ = {isa = PBXFileReference; lastKnownFileType = file.xib; path = CalendarCell.xib; sourceTree = "<group>"; };
		D4BF40BF2BC1434A00D2474A /* GoogleService-Info.plist */ = {isa = PBXFileReference; fileEncoding = 4; lastKnownFileType = text.plist.xml; path = "GoogleService-Info.plist"; sourceTree = "<group>"; };
		D4DD714E2B692713005B8509 /* rub a dub.app */ = {isa = PBXFileReference; explicitFileType = wrapper.application; includeInIndex = 0; path = "rub a dub.app"; sourceTree = BUILT_PRODUCTS_DIR; };
		D4DD71512B692713005B8509 /* AppDelegate.swift */ = {isa = PBXFileReference; lastKnownFileType = sourcecode.swift; path = AppDelegate.swift; sourceTree = "<group>"; };
		D4DD71532B692713005B8509 /* SceneDelegate.swift */ = {isa = PBXFileReference; lastKnownFileType = sourcecode.swift; path = SceneDelegate.swift; sourceTree = "<group>"; };
		D4DD71552B692713005B8509 /* WelcomeViewController.swift */ = {isa = PBXFileReference; lastKnownFileType = sourcecode.swift; path = WelcomeViewController.swift; sourceTree = "<group>"; };
		D4DD715A2B692719005B8509 /* Assets.xcassets */ = {isa = PBXFileReference; lastKnownFileType = folder.assetcatalog; path = Assets.xcassets; sourceTree = "<group>"; };
		D4DD715D2B692719005B8509 /* Base */ = {isa = PBXFileReference; lastKnownFileType = file.storyboard; name = Base; path = Base.lproj/LaunchScreen.storyboard; sourceTree = "<group>"; };
		D4DD715F2B692719005B8509 /* Info.plist */ = {isa = PBXFileReference; lastKnownFileType = text.plist.xml; path = Info.plist; sourceTree = "<group>"; };
		D4DD71672B69279E005B8509 /* Main.storyboard */ = {isa = PBXFileReference; lastKnownFileType = file.storyboard; path = Main.storyboard; sourceTree = "<group>"; };
		D4E4E8712B6BB9A2007CA12D /* TimeBrain.swift */ = {isa = PBXFileReference; lastKnownFileType = sourcecode.swift; path = TimeBrain.swift; sourceTree = "<group>"; };
/* End PBXFileReference section */

/* Begin PBXFrameworksBuildPhase section */
		D4DD714B2B692713005B8509 /* Frameworks */ = {
			isa = PBXFrameworksBuildPhase;
			buildActionMask = 2147483647;
			files = (
				D4BF40C92BC145E200D2474A /* FirebaseDatabaseSwift in Frameworks */,
				D400CF902B7141F2000A619E /* GoogleMaps in Frameworks */,
				D47DF98C2D02FF4E00329368 /* FirebaseStorage in Frameworks */,
				D4BF40C52BC145E200D2474A /* FirebaseAuth in Frameworks */,
				D4BF40C32BC145E200D2474A /* FirebaseAnalyticsWithoutAdIdSupport in Frameworks */,
				D400CF942B7141F2000A619E /* GoogleMapsCore in Frameworks */,
				D400CF962B7141F2000A619E /* GoogleMapsM4B in Frameworks */,
				D4BF40C72BC145E200D2474A /* FirebaseDatabase in Frameworks */,
				D400CF922B7141F2000A619E /* GoogleMapsBase in Frameworks */,
				D47DF98E2D02FF7600329368 /* FirebaseAuthCombine-Community in Frameworks */,
			);
			runOnlyForDeploymentPostprocessing = 0;
		};
/* End PBXFrameworksBuildPhase section */

/* Begin PBXGroup section */
		D4DD71452B692713005B8509 = {
			isa = PBXGroup;
			children = (
				D46C184B2D0358CE00BCD058 /* testing_firebase.playground */,
				D46C184A2D03584900BCD058 /* rub a dub.entitlements */,
				D4DD71502B692713005B8509 /* rub a dub pub */,
				D4DD714F2B692713005B8509 /* Products */,
			);
			sourceTree = "<group>";
		};
		D4DD714F2B692713005B8509 /* Products */ = {
			isa = PBXGroup;
			children = (
				D4DD714E2B692713005B8509 /* rub a dub.app */,
			);
			name = Products;
			sourceTree = "<group>";
		};
		D4DD71502B692713005B8509 /* rub a dub pub */ = {
			isa = PBXGroup;
			children = (
				D4DD71692B6927B6005B8509 /* Model */,
				D4DD716A2B6927BB005B8509 /* View */,
				D4DD716B2B6927C4005B8509 /* Controller */,
				D4DD71512B692713005B8509 /* AppDelegate.swift */,
				D4DD71532B692713005B8509 /* SceneDelegate.swift */,
				D4DD715A2B692719005B8509 /* Assets.xcassets */,
				D4DD715C2B692719005B8509 /* LaunchScreen.storyboard */,
				D4DD715F2B692719005B8509 /* Info.plist */,
				D4BF40BF2BC1434A00D2474A /* GoogleService-Info.plist */,
			);
			path = "rub a dub pub";
			sourceTree = "<group>";
		};
		D4DD71692B6927B6005B8509 /* Model */ = {
			isa = PBXGroup;
			children = (
				D453ABA52B69328400D2EB4F /* PubListModel.swift */,
				D453ABAD2B694D5000D2EB4F /* PubBrain.swift */,
				D453ABB12B696F3E00D2EB4F /* FilterBrain.swift */,
				D4E4E8712B6BB9A2007CA12D /* TimeBrain.swift */,
				D400CF992B714DAD000A619E /* style.json */,
				D43226702B7FAE83007C8644 /* LocationBrain.swift */,
			);
			path = Model;
			sourceTree = "<group>";
		};
		D4DD716A2B6927BB005B8509 /* View */ = {
			isa = PBXGroup;
			children = (
				D4DD71672B69279E005B8509 /* Main.storyboard */,
				D420640E2B754B2E00802FD9 /* CustomInfoWindow.xib */,
				D42064102B754BD000802FD9 /* CustomInfoWindow.swift */,
				D49901052B84C66B00149233 /* ImagePubCell.swift */,
				D49901062B84C66B00149233 /* ImagePubCell.xib */,
				D411B0072B84DAB6000985B8 /* TitleCell.xib */,
				D44A9D132BC6D2E800EFBC11 /* ClosingTimesCell.xib */,
				D44A9D152BC6D3EB00EFBC11 /* ClosingTimeCell.swift */,
				D4ACB5F72BC82536007E34BC /* CalendarCell.swift */,
				D4ACB5F82BC82536007E34BC /* CalendarCell.xib */,
			);
			path = View;
			sourceTree = "<group>";
		};
		D4DD716B2B6927C4005B8509 /* Controller */ = {
			isa = PBXGroup;
			children = (
				D4DD71552B692713005B8509 /* WelcomeViewController.swift */,
				D41CDD0B2B86444800D0A9D4 /* HomeViewController.swift */,
				D400CF972B714480000A619E /* MapViewController.swift */,
				D453ABA32B692CAA00D2EB4F /* ListViewController.swift */,
				D453ABAF2B696B1400D2EB4F /* FilterViewController.swift */,
				D453ABAB2B69465B00D2EB4F /* PubViewController.swift */,
				D48CD82F2B90EF9100275002 /* FavouritesViewController.swift */,
			);
			path = Controller;
			sourceTree = "<group>";
		};
/* End PBXGroup section */

/* Begin PBXNativeTarget section */
		D4DD714D2B692713005B8509 /* rub a dub */ = {
			isa = PBXNativeTarget;
			buildConfigurationList = D4DD71622B692719005B8509 /* Build configuration list for PBXNativeTarget "rub a dub" */;
			buildPhases = (
				D4DD714A2B692713005B8509 /* Sources */,
				D4DD714B2B692713005B8509 /* Frameworks */,
				D4DD714C2B692713005B8509 /* Resources */,
			);
			buildRules = (
			);
			dependencies = (
			);
			name = "rub a dub";
			packageProductDependencies = (
				D400CF8F2B7141F2000A619E /* GoogleMaps */,
				D400CF912B7141F2000A619E /* GoogleMapsBase */,
				D400CF932B7141F2000A619E /* GoogleMapsCore */,
				D400CF952B7141F2000A619E /* GoogleMapsM4B */,
				D4BF40C22BC145E200D2474A /* FirebaseAnalyticsWithoutAdIdSupport */,
				D4BF40C42BC145E200D2474A /* FirebaseAuth */,
				D4BF40C62BC145E200D2474A /* FirebaseDatabase */,
				D4BF40C82BC145E200D2474A /* FirebaseDatabaseSwift */,
				D47DF98B2D02FF4E00329368 /* FirebaseStorage */,
				D47DF98D2D02FF7600329368 /* FirebaseAuthCombine-Community */,
			);
			productName = "rub a dub pub";
			productReference = D4DD714E2B692713005B8509 /* rub a dub.app */;
			productType = "com.apple.product-type.application";
		};
/* End PBXNativeTarget section */

/* Begin PBXProject section */
		D4DD71462B692713005B8509 /* Project object */ = {
			isa = PBXProject;
			attributes = {
				BuildIndependentTargetsInParallel = 1;
				LastSwiftUpdateCheck = 1520;
				LastUpgradeCheck = 1520;
				TargetAttributes = {
					D4DD714D2B692713005B8509 = {
						CreatedOnToolsVersion = 15.2;
					};
				};
			};
			buildConfigurationList = D4DD71492B692713005B8509 /* Build configuration list for PBXProject "rub a dub" */;
			compatibilityVersion = "Xcode 14.0";
			developmentRegion = en;
			hasScannedForEncodings = 0;
			knownRegions = (
				en,
				Base,
			);
			mainGroup = D4DD71452B692713005B8509;
			packageReferences = (
				D400CF8E2B7141F2000A619E /* XCRemoteSwiftPackageReference "ios-maps-sdk" */,
				D4BF40C12BC145E200D2474A /* XCRemoteSwiftPackageReference "firebase-ios-sdk" */,
			);
			productRefGroup = D4DD714F2B692713005B8509 /* Products */;
			projectDirPath = "";
			projectRoot = "";
			targets = (
				D4DD714D2B692713005B8509 /* rub a dub */,
			);
		};
/* End PBXProject section */

/* Begin PBXResourcesBuildPhase section */
		D4DD714C2B692713005B8509 /* Resources */ = {
			isa = PBXResourcesBuildPhase;
			buildActionMask = 2147483647;
			files = (
				D4ACB5FA2BC82536007E34BC /* CalendarCell.xib in Resources */,
				D44A9D142BC6D2E800EFBC11 /* ClosingTimesCell.xib in Resources */,
				D4DD71682B69279E005B8509 /* Main.storyboard in Resources */,
				D411B0082B84DAB6000985B8 /* TitleCell.xib in Resources */,
				D4BF40C02BC1434A00D2474A /* GoogleService-Info.plist in Resources */,
				D4DD715E2B692719005B8509 /* LaunchScreen.storyboard in Resources */,
				D420640F2B754B2E00802FD9 /* CustomInfoWindow.xib in Resources */,
				D4DD715B2B692719005B8509 /* Assets.xcassets in Resources */,
				D49901082B84C66B00149233 /* ImagePubCell.xib in Resources */,
				D400CF9A2B714DAD000A619E /* style.json in Resources */,
			);
			runOnlyForDeploymentPostprocessing = 0;
		};
/* End PBXResourcesBuildPhase section */

/* Begin PBXSourcesBuildPhase section */
		D4DD714A2B692713005B8509 /* Sources */ = {
			isa = PBXSourcesBuildPhase;
			buildActionMask = 2147483647;
			files = (
				D48CD8302B90EF9100275002 /* FavouritesViewController.swift in Sources */,
				D453ABA42B692CAA00D2EB4F /* ListViewController.swift in Sources */,
				D4DD71562B692713005B8509 /* WelcomeViewController.swift in Sources */,
				D453ABAC2B69465B00D2EB4F /* PubViewController.swift in Sources */,
				D41CDD0C2B86444800D0A9D4 /* HomeViewController.swift in Sources */,
				D453ABB02B696B1400D2EB4F /* FilterViewController.swift in Sources */,
				D453ABB22B696F3E00D2EB4F /* FilterBrain.swift in Sources */,
				D4E4E8722B6BB9A2007CA12D /* TimeBrain.swift in Sources */,
				D453ABA62B69328400D2EB4F /* PubListModel.swift in Sources */,
				D49901072B84C66B00149233 /* ImagePubCell.swift in Sources */,
				D43226712B7FAE83007C8644 /* LocationBrain.swift in Sources */,
				D400CF982B714480000A619E /* MapViewController.swift in Sources */,
				D453ABAE2B694D5000D2EB4F /* PubBrain.swift in Sources */,
				D42064112B754BD000802FD9 /* CustomInfoWindow.swift in Sources */,
				D4DD71522B692713005B8509 /* AppDelegate.swift in Sources */,
				D44A9D162BC6D3EB00EFBC11 /* ClosingTimeCell.swift in Sources */,
				D4DD71542B692713005B8509 /* SceneDelegate.swift in Sources */,
				D4ACB5F92BC82536007E34BC /* CalendarCell.swift in Sources */,
			);
			runOnlyForDeploymentPostprocessing = 0;
		};
/* End PBXSourcesBuildPhase section */

/* Begin PBXVariantGroup section */
		D4DD715C2B692719005B8509 /* LaunchScreen.storyboard */ = {
			isa = PBXVariantGroup;
			children = (
				D4DD715D2B692719005B8509 /* Base */,
			);
			name = LaunchScreen.storyboard;
			sourceTree = "<group>";
		};
/* End PBXVariantGroup section */

/* Begin XCBuildConfiguration section */
		D4DD71602B692719005B8509 /* Debug */ = {
			isa = XCBuildConfiguration;
			buildSettings = {
				ALWAYS_SEARCH_USER_PATHS = NO;
				ASSETCATALOG_COMPILER_GENERATE_SWIFT_ASSET_SYMBOL_EXTENSIONS = YES;
				CLANG_ANALYZER_NONNULL = YES;
				CLANG_ANALYZER_NUMBER_OBJECT_CONVERSION = YES_AGGRESSIVE;
				CLANG_CXX_LANGUAGE_STANDARD = "gnu++20";
				CLANG_ENABLE_MODULES = YES;
				CLANG_ENABLE_OBJC_ARC = YES;
				CLANG_ENABLE_OBJC_WEAK = YES;
				CLANG_WARN_BLOCK_CAPTURE_AUTORELEASING = YES;
				CLANG_WARN_BOOL_CONVERSION = YES;
				CLANG_WARN_COMMA = YES;
				CLANG_WARN_CONSTANT_CONVERSION = YES;
				CLANG_WARN_DEPRECATED_OBJC_IMPLEMENTATIONS = YES;
				CLANG_WARN_DIRECT_OBJC_ISA_USAGE = YES_ERROR;
				CLANG_WARN_DOCUMENTATION_COMMENTS = YES;
				CLANG_WARN_EMPTY_BODY = YES;
				CLANG_WARN_ENUM_CONVERSION = YES;
				CLANG_WARN_INFINITE_RECURSION = YES;
				CLANG_WARN_INT_CONVERSION = YES;
				CLANG_WARN_NON_LITERAL_NULL_CONVERSION = YES;
				CLANG_WARN_OBJC_IMPLICIT_RETAIN_SELF = YES;
				CLANG_WARN_OBJC_LITERAL_CONVERSION = YES;
				CLANG_WARN_OBJC_ROOT_CLASS = YES_ERROR;
				CLANG_WARN_QUOTED_INCLUDE_IN_FRAMEWORK_HEADER = YES;
				CLANG_WARN_RANGE_LOOP_ANALYSIS = YES;
				CLANG_WARN_STRICT_PROTOTYPES = YES;
				CLANG_WARN_SUSPICIOUS_MOVE = YES;
				CLANG_WARN_UNGUARDED_AVAILABILITY = YES_AGGRESSIVE;
				CLANG_WARN_UNREACHABLE_CODE = YES;
				CLANG_WARN__DUPLICATE_METHOD_MATCH = YES;
				COPY_PHASE_STRIP = NO;
				DEBUG_INFORMATION_FORMAT = dwarf;
				ENABLE_STRICT_OBJC_MSGSEND = YES;
				ENABLE_TESTABILITY = YES;
				ENABLE_USER_SCRIPT_SANDBOXING = YES;
				GCC_C_LANGUAGE_STANDARD = gnu17;
				GCC_DYNAMIC_NO_PIC = NO;
				GCC_NO_COMMON_BLOCKS = YES;
				GCC_OPTIMIZATION_LEVEL = 0;
				GCC_PREPROCESSOR_DEFINITIONS = (
					"DEBUG=1",
					"$(inherited)",
				);
				GCC_WARN_64_TO_32_BIT_CONVERSION = YES;
				GCC_WARN_ABOUT_RETURN_TYPE = YES_ERROR;
				GCC_WARN_UNDECLARED_SELECTOR = YES;
				GCC_WARN_UNINITIALIZED_AUTOS = YES_AGGRESSIVE;
				GCC_WARN_UNUSED_FUNCTION = YES;
				GCC_WARN_UNUSED_VARIABLE = YES;
				IPHONEOS_DEPLOYMENT_TARGET = 17.2;
				LOCALIZATION_PREFERS_STRING_CATALOGS = YES;
				MTL_ENABLE_DEBUG_INFO = INCLUDE_SOURCE;
				MTL_FAST_MATH = YES;
				ONLY_ACTIVE_ARCH = YES;
				SDKROOT = iphoneos;
				SWIFT_ACTIVE_COMPILATION_CONDITIONS = "DEBUG $(inherited)";
				SWIFT_OPTIMIZATION_LEVEL = "-Onone";
			};
			name = Debug;
		};
		D4DD71612B692719005B8509 /* Release */ = {
			isa = XCBuildConfiguration;
			buildSettings = {
				ALWAYS_SEARCH_USER_PATHS = NO;
				ASSETCATALOG_COMPILER_GENERATE_SWIFT_ASSET_SYMBOL_EXTENSIONS = YES;
				CLANG_ANALYZER_NONNULL = YES;
				CLANG_ANALYZER_NUMBER_OBJECT_CONVERSION = YES_AGGRESSIVE;
				CLANG_CXX_LANGUAGE_STANDARD = "gnu++20";
				CLANG_ENABLE_MODULES = YES;
				CLANG_ENABLE_OBJC_ARC = YES;
				CLANG_ENABLE_OBJC_WEAK = YES;
				CLANG_WARN_BLOCK_CAPTURE_AUTORELEASING = YES;
				CLANG_WARN_BOOL_CONVERSION = YES;
				CLANG_WARN_COMMA = YES;
				CLANG_WARN_CONSTANT_CONVERSION = YES;
				CLANG_WARN_DEPRECATED_OBJC_IMPLEMENTATIONS = YES;
				CLANG_WARN_DIRECT_OBJC_ISA_USAGE = YES_ERROR;
				CLANG_WARN_DOCUMENTATION_COMMENTS = YES;
				CLANG_WARN_EMPTY_BODY = YES;
				CLANG_WARN_ENUM_CONVERSION = YES;
				CLANG_WARN_INFINITE_RECURSION = YES;
				CLANG_WARN_INT_CONVERSION = YES;
				CLANG_WARN_NON_LITERAL_NULL_CONVERSION = YES;
				CLANG_WARN_OBJC_IMPLICIT_RETAIN_SELF = YES;
				CLANG_WARN_OBJC_LITERAL_CONVERSION = YES;
				CLANG_WARN_OBJC_ROOT_CLASS = YES_ERROR;
				CLANG_WARN_QUOTED_INCLUDE_IN_FRAMEWORK_HEADER = YES;
				CLANG_WARN_RANGE_LOOP_ANALYSIS = YES;
				CLANG_WARN_STRICT_PROTOTYPES = YES;
				CLANG_WARN_SUSPICIOUS_MOVE = YES;
				CLANG_WARN_UNGUARDED_AVAILABILITY = YES_AGGRESSIVE;
				CLANG_WARN_UNREACHABLE_CODE = YES;
				CLANG_WARN__DUPLICATE_METHOD_MATCH = YES;
				COPY_PHASE_STRIP = NO;
				DEBUG_INFORMATION_FORMAT = "dwarf-with-dsym";
				ENABLE_NS_ASSERTIONS = NO;
				ENABLE_STRICT_OBJC_MSGSEND = YES;
				ENABLE_USER_SCRIPT_SANDBOXING = YES;
				GCC_C_LANGUAGE_STANDARD = gnu17;
				GCC_NO_COMMON_BLOCKS = YES;
				GCC_WARN_64_TO_32_BIT_CONVERSION = YES;
				GCC_WARN_ABOUT_RETURN_TYPE = YES_ERROR;
				GCC_WARN_UNDECLARED_SELECTOR = YES;
				GCC_WARN_UNINITIALIZED_AUTOS = YES_AGGRESSIVE;
				GCC_WARN_UNUSED_FUNCTION = YES;
				GCC_WARN_UNUSED_VARIABLE = YES;
				IPHONEOS_DEPLOYMENT_TARGET = 17.2;
				LOCALIZATION_PREFERS_STRING_CATALOGS = YES;
				MTL_ENABLE_DEBUG_INFO = NO;
				MTL_FAST_MATH = YES;
				SDKROOT = iphoneos;
				SWIFT_COMPILATION_MODE = wholemodule;
				VALIDATE_PRODUCT = YES;
			};
			name = Release;
		};
		D4DD71632B692719005B8509 /* Debug */ = {
			isa = XCBuildConfiguration;
			buildSettings = {
				ASSETCATALOG_COMPILER_APPICON_NAME = AppIcon;
				ASSETCATALOG_COMPILER_GLOBAL_ACCENT_COLOR_NAME = AccentColor;
				CODE_SIGN_ENTITLEMENTS = "rub a dub.entitlements";
				CODE_SIGN_STYLE = Automatic;
				CURRENT_PROJECT_VERSION = 1;
				DEVELOPMENT_TEAM = DKL5JL7V45;
				GENERATE_INFOPLIST_FILE = YES;
				INFOPLIST_FILE = "rub a dub pub/Info.plist";
				INFOPLIST_KEY_CFBundleDisplayName = "Rub A Dub";
				INFOPLIST_KEY_LSApplicationCategoryType = "public.app-category.food-and-drink";
				INFOPLIST_KEY_NSLocationWhenInUseUsageDescription = "Please allow access to use your location.";
				INFOPLIST_KEY_UIApplicationSupportsIndirectInputEvents = YES;
				INFOPLIST_KEY_UILaunchStoryboardName = LaunchScreen;
				INFOPLIST_KEY_UIMainStoryboardFile = Main;
				INFOPLIST_KEY_UISupportedInterfaceOrientations = UIInterfaceOrientationPortrait;
				IPHONEOS_DEPLOYMENT_TARGET = 15;
				LD_RUNPATH_SEARCH_PATHS = (
					"$(inherited)",
					"@executable_path/Frameworks",
				);
				MARKETING_VERSION = 1.0;
				PRODUCT_BUNDLE_IDENTIFIER = "jramchan.rub-a-dub";
				PRODUCT_NAME = "$(TARGET_NAME)";
				SWIFT_EMIT_LOC_STRINGS = YES;
				SWIFT_VERSION = 5.0;
				TARGETED_DEVICE_FAMILY = "1,2";
			};
			name = Debug;
		};
		D4DD71642B692719005B8509 /* Release */ = {
			isa = XCBuildConfiguration;
			buildSettings = {
				ASSETCATALOG_COMPILER_APPICON_NAME = AppIcon;
				ASSETCATALOG_COMPILER_GLOBAL_ACCENT_COLOR_NAME = AccentColor;
				CODE_SIGN_ENTITLEMENTS = "rub a dub.entitlements";
				CODE_SIGN_STYLE = Automatic;
				CURRENT_PROJECT_VERSION = 1;
				DEVELOPMENT_TEAM = DKL5JL7V45;
				GENERATE_INFOPLIST_FILE = YES;
				INFOPLIST_FILE = "rub a dub pub/Info.plist";
				INFOPLIST_KEY_CFBundleDisplayName = "Rub A Dub";
				INFOPLIST_KEY_LSApplicationCategoryType = "public.app-category.food-and-drink";
				INFOPLIST_KEY_NSLocationWhenInUseUsageDescription = "Please allow access to use your location.";
				INFOPLIST_KEY_UIApplicationSupportsIndirectInputEvents = YES;
				INFOPLIST_KEY_UILaunchStoryboardName = LaunchScreen;
				INFOPLIST_KEY_UIMainStoryboardFile = Main;
				INFOPLIST_KEY_UISupportedInterfaceOrientations = UIInterfaceOrientationPortrait;
				IPHONEOS_DEPLOYMENT_TARGET = 15;
				LD_RUNPATH_SEARCH_PATHS = (
					"$(inherited)",
					"@executable_path/Frameworks",
				);
				MARKETING_VERSION = 1.0;
				PRODUCT_BUNDLE_IDENTIFIER = "jramchan.rub-a-dub";
				PRODUCT_NAME = "$(TARGET_NAME)";
				SWIFT_EMIT_LOC_STRINGS = YES;
				SWIFT_VERSION = 5.0;
				TARGETED_DEVICE_FAMILY = "1,2";
			};
			name = Release;
		};
/* End XCBuildConfiguration section */

/* Begin XCConfigurationList section */
		D4DD71492B692713005B8509 /* Build configuration list for PBXProject "rub a dub" */ = {
			isa = XCConfigurationList;
			buildConfigurations = (
				D4DD71602B692719005B8509 /* Debug */,
				D4DD71612B692719005B8509 /* Release */,
			);
			defaultConfigurationIsVisible = 0;
			defaultConfigurationName = Release;
		};
		D4DD71622B692719005B8509 /* Build configuration list for PBXNativeTarget "rub a dub" */ = {
			isa = XCConfigurationList;
			buildConfigurations = (
				D4DD71632B692719005B8509 /* Debug */,
				D4DD71642B692719005B8509 /* Release */,
			);
			defaultConfigurationIsVisible = 0;
			defaultConfigurationName = Release;
		};
/* End XCConfigurationList section */

/* Begin XCRemoteSwiftPackageReference section */
		D400CF8E2B7141F2000A619E /* XCRemoteSwiftPackageReference "ios-maps-sdk" */ = {
			isa = XCRemoteSwiftPackageReference;
			repositoryURL = "https://github.com/googlemaps/ios-maps-sdk";
			requirement = {
				kind = exactVersion;
				version = 8.3.1;
			};
		};
		D4BF40C12BC145E200D2474A /* XCRemoteSwiftPackageReference "firebase-ios-sdk" */ = {
			isa = XCRemoteSwiftPackageReference;
			repositoryURL = "https://github.com/firebase/firebase-ios-sdk";
			requirement = {
				kind = upToNextMajorVersion;
				minimumVersion = 10.23.1;
			};
		};
/* End XCRemoteSwiftPackageReference section */

/* Begin XCSwiftPackageProductDependency section */
		D400CF8F2B7141F2000A619E /* GoogleMaps */ = {
			isa = XCSwiftPackageProductDependency;
			package = D400CF8E2B7141F2000A619E /* XCRemoteSwiftPackageReference "ios-maps-sdk" */;
			productName = GoogleMaps;
		};
		D400CF912B7141F2000A619E /* GoogleMapsBase */ = {
			isa = XCSwiftPackageProductDependency;
			package = D400CF8E2B7141F2000A619E /* XCRemoteSwiftPackageReference "ios-maps-sdk" */;
			productName = GoogleMapsBase;
		};
		D400CF932B7141F2000A619E /* GoogleMapsCore */ = {
			isa = XCSwiftPackageProductDependency;
			package = D400CF8E2B7141F2000A619E /* XCRemoteSwiftPackageReference "ios-maps-sdk" */;
			productName = GoogleMapsCore;
		};
		D400CF952B7141F2000A619E /* GoogleMapsM4B */ = {
			isa = XCSwiftPackageProductDependency;
			package = D400CF8E2B7141F2000A619E /* XCRemoteSwiftPackageReference "ios-maps-sdk" */;
			productName = GoogleMapsM4B;
		};
		D47DF98B2D02FF4E00329368 /* FirebaseStorage */ = {
			isa = XCSwiftPackageProductDependency;
			productName = FirebaseStorage;
		};
		D47DF98D2D02FF7600329368 /* FirebaseAuthCombine-Community */ = {
			isa = XCSwiftPackageProductDependency;
			productName = "FirebaseAuthCombine-Community";
		};
		D4BF40C22BC145E200D2474A /* FirebaseAnalyticsWithoutAdIdSupport */ = {
			isa = XCSwiftPackageProductDependency;
			package = D4BF40C12BC145E200D2474A /* XCRemoteSwiftPackageReference "firebase-ios-sdk" */;
			productName = FirebaseAnalyticsWithoutAdIdSupport;
		};
		D4BF40C42BC145E200D2474A /* FirebaseAuth */ = {
			isa = XCSwiftPackageProductDependency;
			package = D4BF40C12BC145E200D2474A /* XCRemoteSwiftPackageReference "firebase-ios-sdk" */;
			productName = FirebaseAuth;
		};
		D4BF40C62BC145E200D2474A /* FirebaseDatabase */ = {
			isa = XCSwiftPackageProductDependency;
			package = D4BF40C12BC145E200D2474A /* XCRemoteSwiftPackageReference "firebase-ios-sdk" */;
			productName = FirebaseDatabase;
		};
		D4BF40C82BC145E200D2474A /* FirebaseDatabaseSwift */ = {
			isa = XCSwiftPackageProductDependency;
			package = D4BF40C12BC145E200D2474A /* XCRemoteSwiftPackageReference "firebase-ios-sdk" */;
			productName = FirebaseDatabaseSwift;
		};
/* End XCSwiftPackageProductDependency section */
	};
	rootObject = D4DD71462B692713005B8509 /* Project object */;
}
